dependencies:
- name: vault
  repository: https://helm.releases.hashicorp.com
  version: 0.28.1
- name: mysql
  repository: https://charts.bitnami.com/bitnami
  version: 11.1.19
- name: mysql
  repository: https://charts.bitnami.com/bitnami
  version: 11.1.19
- name: mysql
  repository: https://charts.bitnami.com/bitnami
  version: 11.1.19
- name: mongodb
  repository: https://charts.bitnami.com/bitnami
  version: 16.0.3
- name: redis
  repository: https://charts.bitnami.com/bitnami
  version: 20.2.1
- name: redis
  repository: https://charts.bitnami.com/bitnami
  version: 20.2.1
- name: redis
  repository: https://charts.bitnami.com/bitnami
  version: 20.2.1
- name: postgresql
  repository: https://charts.bitnami.com/bitnami
  version: 16.0.4
- name: postgresql
  repository: https://charts.bitnami.com/bitnami
  version: 16.0.4
- name: timescaledb-single
  repository: https://charts.timescale.com
  version: 0.33.1
- name: elasticmq
  repository: https://chatwork.github.io/charts
  version: 0.2.0
- name: docker-registry
  repository: https://helm.twun.io
  version: 2.2.3
- name: kube-prometheus-stack
  repository: https://prometheus-community.github.io/helm-charts
  version: 67.1.0
- name: mimir-distributed
  repository: https://grafana.github.io/helm-charts
  version: 5.6.0-weekly.321
digest: sha256:22312d24b00272463905fabcb952007b1b13bd1f36dfcc1b1ab1fa29decb3a54
generated: "2025-01-09T20:34:19.365613-03:00"
