dependencies:
- name: vault
  repository: https://helm.releases.hashicorp.com
  version: 0.28.1
- name: docker-registry
  repository: https://helm.twun.io
  version: 2.2.3
- name: kube-prometheus-stack
  repository: https://prometheus-community.github.io/helm-charts
  version: 67.1.0
- name: mimir-distributed
  repository: https://grafana.github.io/helm-charts
  version: 5.6.0-weekly.321
digest: sha256:ff6505231f90eeb9171398a0054a6563f937ac3c17cbec43580d7f14ae6ca966
generated: "2025-01-09T21:33:41.210014-03:00"
